
Microsoft Visual Studio Solution File, Format Version 12.00
# Visual Studio Version 17
VisualStudioVersion = 17.5.33530.505
MinimumVisualStudioVersion = 10.0.40219.1
Project("{9A19103F-16F7-4668-BE54-9A1E7A4F7556}") = "GitBlazor1", "GitBlazor1\GitBlazor1.csproj", "{7DB9559E-5645-428B-B7D8-10BBF9DECD67}"
EndProject
Global
	GlobalSection(SolutionConfigurationPlatforms) = preSolution
		Debug|Any CPU = Debug|Any CPU
		Release|Any CPU = Release|Any CPU
	EndGlobalSection
	GlobalSection(ProjectConfigurationPlatforms) = postSolution
		{7DB9559E-5645-428B-B7D8-10BBF9DECD67}.Debug|Any CPU.ActiveCfg = Debug|Any CPU
		{7DB9559E-5645-428B-B7D8-10BBF9DECD67}.Debug|Any CPU.Build.0 = Debug|Any CPU
		{7DB9559E-5645-428B-B7D8-10BBF9DECD67}.Release|Any CPU.ActiveCfg = Release|Any CPU
		{7DB9559E-5645-428B-B7D8-10BBF9DECD67}.Release|Any CPU.Build.0 = Release|Any CPU
	EndGlobalSection
	GlobalSection(SolutionProperties) = preSolution
		HideSolutionNode = FALSE
	EndGlobalSection
	GlobalSection(ExtensibilityGlobals) = postSolution
		SolutionGuid = {47794D27-FA75-4149-8EAC-A0D08B1E56C4}
	EndGlobalSection
EndGlobal
